
Microsoft Visual Studio Solution File, Format Version 12.00
# Visual Studio Version 16
VisualStudioVersion = 16.0.31729.503
MinimumVisualStudioVersion = 10.0.40219.1
Project("{9A19103F-16F7-4668-BE54-9A1E7A4F7556}") = "SOLID", "SOLID\SOLID.csproj", "{9800D804-AC94-478B-BDCD-039254F4A423}"
EndProject
Project("{9A19103F-16F7-4668-BE54-9A1E7A4F7556}") = "OCP", "OCP\OCP.csproj", "{613FC3CB-13CD-48C4-B68B-B8D5C1309683}"
EndProject
Project("{9A19103F-16F7-4668-BE54-9A1E7A4F7556}") = "LSP", "LSP\LSP.csproj", "{DAC62915-73FC-49EE-9159-8FF849A7C8FF}"
EndProject
Project("{FAE04EC0-301F-11D3-BF4B-00C04F79EFBC}") = "ISP", "ISP\ISP.csproj", "{3AF1D4F7-894C-45DF-A696-51B4137EDAE4}"
EndProject
Project("{FAE04EC0-301F-11D3-BF4B-00C04F79EFBC}") = "DIP", "DIP\DIP.csproj", "{3861873E-802E-4C69-A05B-57C76C81B261}"
EndProject
Global
	GlobalSection(SolutionConfigurationPlatforms) = preSolution
		Debug|Any CPU = Debug|Any CPU
		Release|Any CPU = Release|Any CPU
	EndGlobalSection
	GlobalSection(ProjectConfigurationPlatforms) = postSolution
		{9800D804-AC94-478B-BDCD-039254F4A423}.Debug|Any CPU.ActiveCfg = Debug|Any CPU
		{9800D804-AC94-478B-BDCD-039254F4A423}.Debug|Any CPU.Build.0 = Debug|Any CPU
		{9800D804-AC94-478B-BDCD-039254F4A423}.Release|Any CPU.ActiveCfg = Release|Any CPU
		{9800D804-AC94-478B-BDCD-039254F4A423}.Release|Any CPU.Build.0 = Release|Any CPU
		{613FC3CB-13CD-48C4-B68B-B8D5C1309683}.Debug|Any CPU.ActiveCfg = Debug|Any CPU
		{613FC3CB-13CD-48C4-B68B-B8D5C1309683}.Debug|Any CPU.Build.0 = Debug|Any CPU
		{613FC3CB-13CD-48C4-B68B-B8D5C1309683}.Release|Any CPU.ActiveCfg = Release|Any CPU
		{613FC3CB-13CD-48C4-B68B-B8D5C1309683}.Release|Any CPU.Build.0 = Release|Any CPU
		{DAC62915-73FC-49EE-9159-8FF849A7C8FF}.Debug|Any CPU.ActiveCfg = Debug|Any CPU
		{DAC62915-73FC-49EE-9159-8FF849A7C8FF}.Debug|Any CPU.Build.0 = Debug|Any CPU
		{DAC62915-73FC-49EE-9159-8FF849A7C8FF}.Release|Any CPU.ActiveCfg = Release|Any CPU
		{DAC62915-73FC-49EE-9159-8FF849A7C8FF}.Release|Any CPU.Build.0 = Release|Any CPU
		{3AF1D4F7-894C-45DF-A696-51B4137EDAE4}.Debug|Any CPU.ActiveCfg = Debug|Any CPU
		{3AF1D4F7-894C-45DF-A696-51B4137EDAE4}.Debug|Any CPU.Build.0 = Debug|Any CPU
		{3AF1D4F7-894C-45DF-A696-51B4137EDAE4}.Release|Any CPU.ActiveCfg = Release|Any CPU
		{3AF1D4F7-894C-45DF-A696-51B4137EDAE4}.Release|Any CPU.Build.0 = Release|Any CPU
		{3861873E-802E-4C69-A05B-57C76C81B261}.Debug|Any CPU.ActiveCfg = Debug|Any CPU
		{3861873E-802E-4C69-A05B-57C76C81B261}.Debug|Any CPU.Build.0 = Debug|Any CPU
		{3861873E-802E-4C69-A05B-57C76C81B261}.Release|Any CPU.ActiveCfg = Release|Any CPU
		{3861873E-802E-4C69-A05B-57C76C81B261}.Release|Any CPU.Build.0 = Release|Any CPU
	EndGlobalSection
	GlobalSection(SolutionProperties) = preSolution
		HideSolutionNode = FALSE
	EndGlobalSection
	GlobalSection(ExtensibilityGlobals) = postSolution
		SolutionGuid = {E4D2EFC8-1566-4A28-91FB-7E812712873F}
	EndGlobalSection
EndGlobal
